{
  "version": 4,
  "terraform_version": "1.6.0",
  "serial": 262,
  "lineage": "8eca114d-6bb1-94ca-3e96-9233caad70cc",
  "outputs": {},
  "resources": [
    {
      "mode": "managed",
      "type": "google_compute_firewall",
      "name": "allow-http",
      "provider": "provider[\"registry.terraform.io/hashicorp/google\"]",
      "instances": [
        {
          "schema_version": 1,
          "attributes": {
            "allow": [
              {
                "ports": [
                  "80"
                ],
                "protocol": "tcp"
              }
            ],
            "creation_timestamp": "2023-10-08T07:25:38.104-07:00",
            "deny": [],
            "description": "",
            "destination_ranges": [],
            "direction": "INGRESS",
            "disabled": false,
            "enable_logging": null,
            "id": "projects/test2-161022/global/firewalls/kube-fw-allow-http",
            "log_config": [],
            "name": "kube-fw-allow-http",
            "network": "https://www.googleapis.com/compute/v1/projects/test2-161022/global/networks/kube-network",
            "priority": 1000,
            "project": "test2-161022",
            "self_link": "https://www.googleapis.com/compute/v1/projects/test2-161022/global/firewalls/kube-fw-allow-http",
            "source_ranges": [
              "0.0.0.0/0"
            ],
            "source_service_accounts": [],
            "source_tags": [],
            "target_service_accounts": [],
            "target_tags": [
              "http"
            ],
            "timeouts": null
          },
          "sensitive_attributes": [],
          "private": "eyJlMmJmYjczMC1lY2FhLTExZTYtOGY4OC0zNDM2M2JjN2M0YzAiOnsiY3JlYXRlIjoxMjAwMDAwMDAwMDAwLCJkZWxldGUiOjEyMDAwMDAwMDAwMDAsInVwZGF0ZSI6MTIwMDAwMDAwMDAwMH0sInNjaGVtYV92ZXJzaW9uIjoiMSJ9",
          "dependencies": [
            "google_compute_network.kube_network"
          ]
        }
      ]
    },
    {
      "mode": "managed",
      "type": "google_compute_firewall",
      "name": "allow-kubeadm",
      "provider": "provider[\"registry.terraform.io/hashicorp/google\"]",
      "instances": [
        {
          "schema_version": 1,
          "attributes": {
            "allow": [
              {
                "ports": [
                  "6443",
                  "10250",
                  "30000-32767"
                ],
                "protocol": "tcp"
              }
            ],
            "creation_timestamp": "2023-10-08T07:25:38.028-07:00",
            "deny": [],
            "description": "",
            "destination_ranges": [],
            "direction": "INGRESS",
            "disabled": false,
            "enable_logging": null,
            "id": "projects/test2-161022/global/firewalls/kube-fw-allow-kubeadm",
            "log_config": [],
            "name": "kube-fw-allow-kubeadm",
            "network": "https://www.googleapis.com/compute/v1/projects/test2-161022/global/networks/kube-network",
            "priority": 1000,
            "project": "test2-161022",
            "self_link": "https://www.googleapis.com/compute/v1/projects/test2-161022/global/firewalls/kube-fw-allow-kubeadm",
            "source_ranges": [
              "0.0.0.0/0"
            ],
            "source_service_accounts": [],
            "source_tags": [],
            "target_service_accounts": [],
            "target_tags": [
              "http"
            ],
            "timeouts": null
          },
          "sensitive_attributes": [],
          "private": "eyJlMmJmYjczMC1lY2FhLTExZTYtOGY4OC0zNDM2M2JjN2M0YzAiOnsiY3JlYXRlIjoxMjAwMDAwMDAwMDAwLCJkZWxldGUiOjEyMDAwMDAwMDAwMDAsInVwZGF0ZSI6MTIwMDAwMDAwMDAwMH0sInNjaGVtYV92ZXJzaW9uIjoiMSJ9",
          "dependencies": [
            "google_compute_network.kube_network"
          ]
        }
      ]
    },
    {
      "mode": "managed",
      "type": "google_compute_firewall",
      "name": "allow-ssh",
      "provider": "provider[\"registry.terraform.io/hashicorp/google\"]",
      "instances": [
        {
          "schema_version": 1,
          "attributes": {
            "allow": [
              {
                "ports": [
                  "22"
                ],
                "protocol": "tcp"
              }
            ],
            "creation_timestamp": "2023-10-08T07:25:37.947-07:00",
            "deny": [],
            "description": "",
            "destination_ranges": [],
            "direction": "INGRESS",
            "disabled": false,
            "enable_logging": null,
            "id": "projects/test2-161022/global/firewalls/kube-fw-allow-ssh",
            "log_config": [],
            "name": "kube-fw-allow-ssh",
            "network": "https://www.googleapis.com/compute/v1/projects/test2-161022/global/networks/kube-network",
            "priority": 1000,
            "project": "test2-161022",
            "self_link": "https://www.googleapis.com/compute/v1/projects/test2-161022/global/firewalls/kube-fw-allow-ssh",
            "source_ranges": [
              "0.0.0.0/0"
            ],
            "source_service_accounts": [],
            "source_tags": [],
            "target_service_accounts": [],
            "target_tags": [
              "http"
            ],
            "timeouts": null
          },
          "sensitive_attributes": [],
          "private": "eyJlMmJmYjczMC1lY2FhLTExZTYtOGY4OC0zNDM2M2JjN2M0YzAiOnsiY3JlYXRlIjoxMjAwMDAwMDAwMDAwLCJkZWxldGUiOjEyMDAwMDAwMDAwMDAsInVwZGF0ZSI6MTIwMDAwMDAwMDAwMH0sInNjaGVtYV92ZXJzaW9uIjoiMSJ9",
          "dependencies": [
            "google_compute_network.kube_network"
          ]
        }
      ]
    },
    {
      "mode": "managed",
      "type": "google_compute_instance",
      "name": "kube_master_eu2",
      "provider": "provider[\"registry.terraform.io/hashicorp/google\"]",
      "instances": [
        {
          "index_key": "ioumassate",
          "schema_version": 6,
          "attributes": {
            "advanced_machine_features": [],
            "allow_stopping_for_update": null,
            "attached_disk": [],
            "boot_disk": [
              {
                "auto_delete": true,
                "device_name": "persistent-disk-0",
                "disk_encryption_key_raw": "",
                "disk_encryption_key_sha256": "",
                "initialize_params": [
                  {
                    "image": "https://www.googleapis.com/compute/v1/projects/debian-cloud/global/images/debian-11-bullseye-v20231004",
                    "labels": {},
                    "resource_manager_tags": {},
                    "size": 10,
                    "type": "pd-standard"
                  }
                ],
                "kms_key_self_link": "",
                "mode": "READ_WRITE",
                "source": "https://www.googleapis.com/compute/v1/projects/test2-161022/zones/us-west2-b/disks/kube-ioumassate-master"
              }
            ],
            "can_ip_forward": false,
            "confidential_instance_config": [],
            "cpu_platform": "Intel Broadwell",
            "current_status": "RUNNING",
            "deletion_protection": false,
            "description": "",
            "desired_status": null,
            "enable_display": false,
            "guest_accelerator": [],
            "hostname": "",
            "id": "projects/test2-161022/zones/us-west2-b/instances/kube-ioumassate-master",
            "instance_id": "4056453767901414120",
            "label_fingerprint": "42WmSpB8rSM=",
            "labels": {},
            "machine_type": "e2-medium",
            "metadata": {
              "ssh-keys": "ioumassate:ssh-rsa AAAAB3NzaC1yc2EAAAADAQABAAABgQDYDNtFiKclSLEaVOZSZ4vQfAB69l3K8tYeK16zzpg+hiTmagiZvEGq8XB0Q46dvroMAbEzAVEayihwcjjcsNtNLNHjHjImx8mwE0a+62smM0UmjuyXOym1pdNsaWq0Gg7zSIlOj4j3AfWg1DQQ0d7gQ5lFqpncR2fDkfTywg9s/10p54bKcMSlOIMd5ihCmoRODs5d9aVyCmHrCBnxcryOwsacS/i5wcPmBNvyqb1lh9GICjD+xthi4TjTEbGf2sxXSkGP0Tqvp4GZ0IJlzJi080LTsopKl6K5iOUHZA0HPBuH+1JkMl9L2rFcBSnloVFZMYcCxZMMBNhdTDC6NpLAZNznMR9Vaan1g/pUtz4t9Z+vW4a6IbGZiwHRxAj66C48/4B4Aq70NXA4oWqAXb4mKF8xGlO24TPKwZOZuEvwQtwHnY/GHu9qQHiQ/zTYPB/JqU9LSKZvfeBZaY4fth5BamELd5gHm0UCfca0WRoFOsLzKnSQNX5VJG78YK3pYFs= oumassateiliass@cs-137429123549-default\nkkadioui:ssh-rsa AAAAB3NzaC1yc2EAAAADAQABAAABgQDYDNtFiKclSLEaVOZSZ4vQfAB69l3K8tYeK16zzpg+hiTmagiZvEGq8XB0Q46dvroMAbEzAVEayihwcjjcsNtNLNHjHjImx8mwE0a+62smM0UmjuyXOym1pdNsaWq0Gg7zSIlOj4j3AfWg1DQQ0d7gQ5lFqpncR2fDkfTywg9s/10p54bKcMSlOIMd5ihCmoRODs5d9aVyCmHrCBnxcryOwsacS/i5wcPmBNvyqb1lh9GICjD+xthi4TjTEbGf2sxXSkGP0Tqvp4GZ0IJlzJi080LTsopKl6K5iOUHZA0HPBuH+1JkMl9L2rFcBSnloVFZMYcCxZMMBNhdTDC6NpLAZNznMR9Vaan1g/pUtz4t9Z+vW4a6IbGZiwHRxAj66C48/4B4Aq70NXA4oWqAXb4mKF8xGlO24TPKwZOZuEvwQtwHnY/GHu9qQHiQ/zTYPB/JqU9LSKZvfeBZaY4fth5BamELd5gHm0UCfca0WRoFOsLzKnSQNX5VJG78YK3pYFs= oumassateiliass@cs-137429123549-default"
            },
            "metadata_fingerprint": "MUbas5LsmDE=",
            "metadata_startup_script": null,
            "min_cpu_platform": "",
            "name": "kube-ioumassate-master",
            "network_interface": [
              {
                "access_config": [
                  {
                    "nat_ip": "35.236.37.42",
                    "network_tier": "PREMIUM",
                    "public_ptr_domain_name": ""
                  }
                ],
                "alias_ip_range": [],
                "internal_ipv6_prefix_length": 0,
                "ipv6_access_config": [],
                "ipv6_access_type": "",
                "ipv6_address": "",
                "name": "nic0",
                "network": "https://www.googleapis.com/compute/v1/projects/test2-161022/global/networks/kube-network",
                "network_ip": "10.0.0.2",
                "nic_type": "",
                "queue_count": 0,
                "stack_type": "IPV4_ONLY",
                "subnetwork": "https://www.googleapis.com/compute/v1/projects/test2-161022/regions/us-west2/subnetworks/kube-subnet-eu",
                "subnetwork_project": "test2-161022"
              }
            ],
            "network_performance_config": [],
            "params": [],
            "project": "test2-161022",
            "reservation_affinity": [],
            "resource_policies": [],
            "scheduling": [
              {
                "automatic_restart": true,
                "instance_termination_action": "",
                "local_ssd_recovery_timeout": [],
                "min_node_cpus": 0,
                "node_affinities": [],
                "on_host_maintenance": "MIGRATE",
                "preemptible": false,
                "provisioning_model": "STANDARD"
              }
            ],
            "scratch_disk": [],
            "self_link": "https://www.googleapis.com/compute/v1/projects/test2-161022/zones/us-west2-b/instances/kube-ioumassate-master",
            "service_account": [],
            "shielded_instance_config": [
              {
                "enable_integrity_monitoring": true,
                "enable_secure_boot": false,
                "enable_vtpm": true
              }
            ],
            "tags": [
              "http",
              "ssh"
            ],
            "tags_fingerprint": "7XLBdwIeS7E=",
            "timeouts": null,
            "zone": "us-west2-b"
          },
          "sensitive_attributes": [],
          "private": "eyJlMmJmYjczMC1lY2FhLTExZTYtOGY4OC0zNDM2M2JjN2M0YzAiOnsiY3JlYXRlIjoxMjAwMDAwMDAwMDAwLCJkZWxldGUiOjEyMDAwMDAwMDAwMDAsInVwZGF0ZSI6MTIwMDAwMDAwMDAwMH0sInNjaGVtYV92ZXJzaW9uIjoiNiJ9",
          "dependencies": [
            "google_compute_network.kube_network",
            "google_compute_subnetwork.kube_subnet_eu2"
          ]
        },
        {
          "index_key": "kkadioui",
          "schema_version": 6,
          "attributes": {
            "advanced_machine_features": [],
            "allow_stopping_for_update": null,
            "attached_disk": [],
            "boot_disk": [
              {
                "auto_delete": true,
                "device_name": "persistent-disk-0",
                "disk_encryption_key_raw": "",
                "disk_encryption_key_sha256": "",
                "initialize_params": [
                  {
                    "image": "https://www.googleapis.com/compute/v1/projects/debian-cloud/global/images/debian-11-bullseye-v20231010",
                    "labels": {},
                    "resource_manager_tags": {},
                    "size": 10,
                    "type": "pd-standard"
                  }
                ],
                "kms_key_self_link": "",
                "mode": "READ_WRITE",
                "source": "https://www.googleapis.com/compute/v1/projects/test2-161022/zones/us-west2-b/disks/kube-kkadioui-master"
              }
            ],
            "can_ip_forward": false,
            "confidential_instance_config": [],
            "cpu_platform": "Intel Broadwell",
            "current_status": "RUNNING",
            "deletion_protection": false,
            "description": "",
            "desired_status": null,
            "enable_display": false,
            "guest_accelerator": [],
            "hostname": "",
            "id": "projects/test2-161022/zones/us-west2-b/instances/kube-kkadioui-master",
            "instance_id": "928529601343586176",
            "label_fingerprint": "42WmSpB8rSM=",
            "labels": {},
            "machine_type": "e2-micro",
            "metadata": {
              "ssh-keys": "ioumassate:ssh-rsa AAAAB3NzaC1yc2EAAAADAQABAAABgQDYDNtFiKclSLEaVOZSZ4vQfAB69l3K8tYeK16zzpg+hiTmagiZvEGq8XB0Q46dvroMAbEzAVEayihwcjjcsNtNLNHjHjImx8mwE0a+62smM0UmjuyXOym1pdNsaWq0Gg7zSIlOj4j3AfWg1DQQ0d7gQ5lFqpncR2fDkfTywg9s/10p54bKcMSlOIMd5ihCmoRODs5d9aVyCmHrCBnxcryOwsacS/i5wcPmBNvyqb1lh9GICjD+xthi4TjTEbGf2sxXSkGP0Tqvp4GZ0IJlzJi080LTsopKl6K5iOUHZA0HPBuH+1JkMl9L2rFcBSnloVFZMYcCxZMMBNhdTDC6NpLAZNznMR9Vaan1g/pUtz4t9Z+vW4a6IbGZiwHRxAj66C48/4B4Aq70NXA4oWqAXb4mKF8xGlO24TPKwZOZuEvwQtwHnY/GHu9qQHiQ/zTYPB/JqU9LSKZvfeBZaY4fth5BamELd5gHm0UCfca0WRoFOsLzKnSQNX5VJG78YK3pYFs= oumassateiliass@cs-137429123549-default\nkkadioui:ssh-rsa AAAAB3NzaC1yc2EAAAADAQABAAABgQDYDNtFiKclSLEaVOZSZ4vQfAB69l3K8tYeK16zzpg+hiTmagiZvEGq8XB0Q46dvroMAbEzAVEayihwcjjcsNtNLNHjHjImx8mwE0a+62smM0UmjuyXOym1pdNsaWq0Gg7zSIlOj4j3AfWg1DQQ0d7gQ5lFqpncR2fDkfTywg9s/10p54bKcMSlOIMd5ihCmoRODs5d9aVyCmHrCBnxcryOwsacS/i5wcPmBNvyqb1lh9GICjD+xthi4TjTEbGf2sxXSkGP0Tqvp4GZ0IJlzJi080LTsopKl6K5iOUHZA0HPBuH+1JkMl9L2rFcBSnloVFZMYcCxZMMBNhdTDC6NpLAZNznMR9Vaan1g/pUtz4t9Z+vW4a6IbGZiwHRxAj66C48/4B4Aq70NXA4oWqAXb4mKF8xGlO24TPKwZOZuEvwQtwHnY/GHu9qQHiQ/zTYPB/JqU9LSKZvfeBZaY4fth5BamELd5gHm0UCfca0WRoFOsLzKnSQNX5VJG78YK3pYFs= oumassateiliass@cs-137429123549-default"
            },
            "metadata_fingerprint": "MUbas5LsmDE=",
            "metadata_startup_script": null,
            "min_cpu_platform": "",
            "name": "kube-kkadioui-master",
            "network_interface": [
              {
                "access_config": [
                  {
                    "nat_ip": "34.94.28.196",
                    "network_tier": "PREMIUM",
                    "public_ptr_domain_name": ""
                  }
                ],
                "alias_ip_range": [],
                "internal_ipv6_prefix_length": 0,
                "ipv6_access_config": [],
                "ipv6_access_type": "",
                "ipv6_address": "",
                "name": "nic0",
                "network": "https://www.googleapis.com/compute/v1/projects/test2-161022/global/networks/kube-network",
                "network_ip": "10.0.0.5",
                "nic_type": "",
                "queue_count": 0,
                "stack_type": "IPV4_ONLY",
                "subnetwork": "https://www.googleapis.com/compute/v1/projects/test2-161022/regions/us-west2/subnetworks/kube-subnet-eu",
                "subnetwork_project": "test2-161022"
              }
            ],
            "network_performance_config": [],
            "params": [],
            "project": "test2-161022",
            "reservation_affinity": [],
            "resource_policies": [],
            "scheduling": [
              {
                "automatic_restart": true,
                "instance_termination_action": "",
                "local_ssd_recovery_timeout": [],
                "min_node_cpus": 0,
                "node_affinities": [],
                "on_host_maintenance": "MIGRATE",
                "preemptible": false,
                "provisioning_model": "STANDARD"
              }
            ],
            "scratch_disk": [],
            "self_link": "https://www.googleapis.com/compute/v1/projects/test2-161022/zones/us-west2-b/instances/kube-kkadioui-master",
            "service_account": [],
            "shielded_instance_config": [
              {
                "enable_integrity_monitoring": true,
                "enable_secure_boot": false,
                "enable_vtpm": true
              }
            ],
            "tags": [
              "http",
              "ssh"
            ],
            "tags_fingerprint": "7XLBdwIeS7E=",
            "timeouts": null,
            "zone": "us-west2-b"
          },
          "sensitive_attributes": [],
          "private": "eyJlMmJmYjczMC1lY2FhLTExZTYtOGY4OC0zNDM2M2JjN2M0YzAiOnsiY3JlYXRlIjoxMjAwMDAwMDAwMDAwLCJkZWxldGUiOjEyMDAwMDAwMDAwMDAsInVwZGF0ZSI6MTIwMDAwMDAwMDAwMH0sInNjaGVtYV92ZXJzaW9uIjoiNiJ9",
          "dependencies": [
            "google_compute_network.kube_network",
            "google_compute_subnetwork.kube_subnet_eu2"
          ]
        }
      ]
    },
    {
      "mode": "managed",
      "type": "google_compute_instance",
      "name": "kube_worker_eu2",
      "provider": "provider[\"registry.terraform.io/hashicorp/google\"]",
      "instances": [
        {
          "index_key": "ioumassate",
          "schema_version": 6,
          "attributes": {
            "advanced_machine_features": [],
            "allow_stopping_for_update": null,
            "attached_disk": [],
            "boot_disk": [
              {
                "auto_delete": true,
                "device_name": "persistent-disk-0",
                "disk_encryption_key_raw": "",
                "disk_encryption_key_sha256": "",
                "initialize_params": [
                  {
                    "image": "https://www.googleapis.com/compute/v1/projects/debian-cloud/global/images/debian-11-bullseye-v20231004",
                    "labels": {},
                    "resource_manager_tags": {},
                    "size": 10,
                    "type": "pd-standard"
                  }
                ],
                "kms_key_self_link": "",
                "mode": "READ_WRITE",
                "source": "https://www.googleapis.com/compute/v1/projects/test2-161022/zones/us-west2-b/disks/kube-ioumassate-worker"
              }
            ],
            "can_ip_forward": false,
            "confidential_instance_config": [],
            "cpu_platform": "Intel Broadwell",
            "current_status": "RUNNING",
            "deletion_protection": false,
            "description": "",
            "desired_status": null,
            "enable_display": false,
            "guest_accelerator": [],
            "hostname": "",
            "id": "projects/test2-161022/zones/us-west2-b/instances/kube-ioumassate-worker",
            "instance_id": "7946228501962490600",
            "label_fingerprint": "42WmSpB8rSM=",
            "labels": {},
            "machine_type": "e2-medium",
            "metadata": {
              "ssh-keys": "ioumassate:ssh-rsa AAAAB3NzaC1yc2EAAAADAQABAAABgQDYDNtFiKclSLEaVOZSZ4vQfAB69l3K8tYeK16zzpg+hiTmagiZvEGq8XB0Q46dvroMAbEzAVEayihwcjjcsNtNLNHjHjImx8mwE0a+62smM0UmjuyXOym1pdNsaWq0Gg7zSIlOj4j3AfWg1DQQ0d7gQ5lFqpncR2fDkfTywg9s/10p54bKcMSlOIMd5ihCmoRODs5d9aVyCmHrCBnxcryOwsacS/i5wcPmBNvyqb1lh9GICjD+xthi4TjTEbGf2sxXSkGP0Tqvp4GZ0IJlzJi080LTsopKl6K5iOUHZA0HPBuH+1JkMl9L2rFcBSnloVFZMYcCxZMMBNhdTDC6NpLAZNznMR9Vaan1g/pUtz4t9Z+vW4a6IbGZiwHRxAj66C48/4B4Aq70NXA4oWqAXb4mKF8xGlO24TPKwZOZuEvwQtwHnY/GHu9qQHiQ/zTYPB/JqU9LSKZvfeBZaY4fth5BamELd5gHm0UCfca0WRoFOsLzKnSQNX5VJG78YK3pYFs= oumassateiliass@cs-137429123549-default\nkkadioui:ssh-rsa AAAAB3NzaC1yc2EAAAADAQABAAABgQDYDNtFiKclSLEaVOZSZ4vQfAB69l3K8tYeK16zzpg+hiTmagiZvEGq8XB0Q46dvroMAbEzAVEayihwcjjcsNtNLNHjHjImx8mwE0a+62smM0UmjuyXOym1pdNsaWq0Gg7zSIlOj4j3AfWg1DQQ0d7gQ5lFqpncR2fDkfTywg9s/10p54bKcMSlOIMd5ihCmoRODs5d9aVyCmHrCBnxcryOwsacS/i5wcPmBNvyqb1lh9GICjD+xthi4TjTEbGf2sxXSkGP0Tqvp4GZ0IJlzJi080LTsopKl6K5iOUHZA0HPBuH+1JkMl9L2rFcBSnloVFZMYcCxZMMBNhdTDC6NpLAZNznMR9Vaan1g/pUtz4t9Z+vW4a6IbGZiwHRxAj66C48/4B4Aq70NXA4oWqAXb4mKF8xGlO24TPKwZOZuEvwQtwHnY/GHu9qQHiQ/zTYPB/JqU9LSKZvfeBZaY4fth5BamELd5gHm0UCfca0WRoFOsLzKnSQNX5VJG78YK3pYFs= oumassateiliass@cs-137429123549-default"
            },
            "metadata_fingerprint": "MUbas5LsmDE=",
            "metadata_startup_script": null,
            "min_cpu_platform": "",
            "name": "kube-ioumassate-worker",
            "network_interface": [
              {
                "access_config": [
                  {
                    "nat_ip": "34.94.86.14",
                    "network_tier": "PREMIUM",
                    "public_ptr_domain_name": ""
                  }
                ],
                "alias_ip_range": [],
                "internal_ipv6_prefix_length": 0,
                "ipv6_access_config": [],
                "ipv6_access_type": "",
                "ipv6_address": "",
                "name": "nic0",
                "network": "https://www.googleapis.com/compute/v1/projects/test2-161022/global/networks/kube-network",
                "network_ip": "10.0.0.3",
                "nic_type": "",
                "queue_count": 0,
                "stack_type": "IPV4_ONLY",
                "subnetwork": "https://www.googleapis.com/compute/v1/projects/test2-161022/regions/us-west2/subnetworks/kube-subnet-eu",
                "subnetwork_project": "test2-161022"
              }
            ],
            "network_performance_config": [],
            "params": [],
            "project": "test2-161022",
            "reservation_affinity": [],
            "resource_policies": [],
            "scheduling": [
              {
                "automatic_restart": true,
                "instance_termination_action": "",
                "local_ssd_recovery_timeout": [],
                "min_node_cpus": 0,
                "node_affinities": [],
                "on_host_maintenance": "MIGRATE",
                "preemptible": false,
                "provisioning_model": "STANDARD"
              }
            ],
            "scratch_disk": [],
            "self_link": "https://www.googleapis.com/compute/v1/projects/test2-161022/zones/us-west2-b/instances/kube-ioumassate-worker",
            "service_account": [],
            "shielded_instance_config": [
              {
                "enable_integrity_monitoring": true,
                "enable_secure_boot": false,
                "enable_vtpm": true
              }
            ],
            "tags": [
              "http",
              "ssh"
            ],
            "tags_fingerprint": "7XLBdwIeS7E=",
            "timeouts": null,
            "zone": "us-west2-b"
          },
          "sensitive_attributes": [],
          "private": "eyJlMmJmYjczMC1lY2FhLTExZTYtOGY4OC0zNDM2M2JjN2M0YzAiOnsiY3JlYXRlIjoxMjAwMDAwMDAwMDAwLCJkZWxldGUiOjEyMDAwMDAwMDAwMDAsInVwZGF0ZSI6MTIwMDAwMDAwMDAwMH0sInNjaGVtYV92ZXJzaW9uIjoiNiJ9",
          "dependencies": [
            "google_compute_network.kube_network",
            "google_compute_subnetwork.kube_subnet_eu2"
          ]
        },
        {
          "index_key": "kkadioui",
          "schema_version": 6,
          "attributes": {
            "advanced_machine_features": [],
            "allow_stopping_for_update": null,
            "attached_disk": [],
            "boot_disk": [
              {
                "auto_delete": true,
                "device_name": "persistent-disk-0",
                "disk_encryption_key_raw": "",
                "disk_encryption_key_sha256": "",
                "initialize_params": [
                  {
                    "image": "https://www.googleapis.com/compute/v1/projects/debian-cloud/global/images/debian-11-bullseye-v20231010",
                    "labels": {},
                    "resource_manager_tags": {},
                    "size": 10,
                    "type": "pd-standard"
                  }
                ],
                "kms_key_self_link": "",
                "mode": "READ_WRITE",
                "source": "https://www.googleapis.com/compute/v1/projects/test2-161022/zones/us-west2-b/disks/kube-kkadioui-worker"
              }
            ],
            "can_ip_forward": false,
            "confidential_instance_config": [],
            "cpu_platform": "Intel Broadwell",
            "current_status": "RUNNING",
            "deletion_protection": false,
            "description": "",
            "desired_status": null,
            "enable_display": false,
            "guest_accelerator": [],
            "hostname": "",
            "id": "projects/test2-161022/zones/us-west2-b/instances/kube-kkadioui-worker",
            "instance_id": "4943142885622349697",
            "label_fingerprint": "42WmSpB8rSM=",
            "labels": {},
            "machine_type": "e2-micro",
            "metadata": {
              "ssh-keys": "ioumassate:ssh-rsa AAAAB3NzaC1yc2EAAAADAQABAAABgQDYDNtFiKclSLEaVOZSZ4vQfAB69l3K8tYeK16zzpg+hiTmagiZvEGq8XB0Q46dvroMAbEzAVEayihwcjjcsNtNLNHjHjImx8mwE0a+62smM0UmjuyXOym1pdNsaWq0Gg7zSIlOj4j3AfWg1DQQ0d7gQ5lFqpncR2fDkfTywg9s/10p54bKcMSlOIMd5ihCmoRODs5d9aVyCmHrCBnxcryOwsacS/i5wcPmBNvyqb1lh9GICjD+xthi4TjTEbGf2sxXSkGP0Tqvp4GZ0IJlzJi080LTsopKl6K5iOUHZA0HPBuH+1JkMl9L2rFcBSnloVFZMYcCxZMMBNhdTDC6NpLAZNznMR9Vaan1g/pUtz4t9Z+vW4a6IbGZiwHRxAj66C48/4B4Aq70NXA4oWqAXb4mKF8xGlO24TPKwZOZuEvwQtwHnY/GHu9qQHiQ/zTYPB/JqU9LSKZvfeBZaY4fth5BamELd5gHm0UCfca0WRoFOsLzKnSQNX5VJG78YK3pYFs= oumassateiliass@cs-137429123549-default\nkkadioui:ssh-rsa AAAAB3NzaC1yc2EAAAADAQABAAABgQDYDNtFiKclSLEaVOZSZ4vQfAB69l3K8tYeK16zzpg+hiTmagiZvEGq8XB0Q46dvroMAbEzAVEayihwcjjcsNtNLNHjHjImx8mwE0a+62smM0UmjuyXOym1pdNsaWq0Gg7zSIlOj4j3AfWg1DQQ0d7gQ5lFqpncR2fDkfTywg9s/10p54bKcMSlOIMd5ihCmoRODs5d9aVyCmHrCBnxcryOwsacS/i5wcPmBNvyqb1lh9GICjD+xthi4TjTEbGf2sxXSkGP0Tqvp4GZ0IJlzJi080LTsopKl6K5iOUHZA0HPBuH+1JkMl9L2rFcBSnloVFZMYcCxZMMBNhdTDC6NpLAZNznMR9Vaan1g/pUtz4t9Z+vW4a6IbGZiwHRxAj66C48/4B4Aq70NXA4oWqAXb4mKF8xGlO24TPKwZOZuEvwQtwHnY/GHu9qQHiQ/zTYPB/JqU9LSKZvfeBZaY4fth5BamELd5gHm0UCfca0WRoFOsLzKnSQNX5VJG78YK3pYFs= oumassateiliass@cs-137429123549-default"
            },
            "metadata_fingerprint": "MUbas5LsmDE=",
            "metadata_startup_script": null,
            "min_cpu_platform": "",
            "name": "kube-kkadioui-worker",
            "network_interface": [
              {
                "access_config": [
                  {
                    "nat_ip": "34.102.70.160",
                    "network_tier": "PREMIUM",
                    "public_ptr_domain_name": ""
                  }
                ],
                "alias_ip_range": [],
                "internal_ipv6_prefix_length": 0,
                "ipv6_access_config": [],
                "ipv6_access_type": "",
                "ipv6_address": "",
                "name": "nic0",
                "network": "https://www.googleapis.com/compute/v1/projects/test2-161022/global/networks/kube-network",
                "network_ip": "10.0.0.4",
                "nic_type": "",
                "queue_count": 0,
                "stack_type": "IPV4_ONLY",
                "subnetwork": "https://www.googleapis.com/compute/v1/projects/test2-161022/regions/us-west2/subnetworks/kube-subnet-eu",
                "subnetwork_project": "test2-161022"
              }
            ],
            "network_performance_config": [],
            "params": [],
            "project": "test2-161022",
            "reservation_affinity": [],
            "resource_policies": [],
            "scheduling": [
              {
                "automatic_restart": true,
                "instance_termination_action": "",
                "local_ssd_recovery_timeout": [],
                "min_node_cpus": 0,
                "node_affinities": [],
                "on_host_maintenance": "MIGRATE",
                "preemptible": false,
                "provisioning_model": "STANDARD"
              }
            ],
            "scratch_disk": [],
            "self_link": "https://www.googleapis.com/compute/v1/projects/test2-161022/zones/us-west2-b/instances/kube-kkadioui-worker",
            "service_account": [],
            "shielded_instance_config": [
              {
                "enable_integrity_monitoring": true,
                "enable_secure_boot": false,
                "enable_vtpm": true
              }
            ],
            "tags": [
              "http",
              "ssh"
            ],
            "tags_fingerprint": "7XLBdwIeS7E=",
            "timeouts": null,
            "zone": "us-west2-b"
          },
          "sensitive_attributes": [],
          "private": "eyJlMmJmYjczMC1lY2FhLTExZTYtOGY4OC0zNDM2M2JjN2M0YzAiOnsiY3JlYXRlIjoxMjAwMDAwMDAwMDAwLCJkZWxldGUiOjEyMDAwMDAwMDAwMDAsInVwZGF0ZSI6MTIwMDAwMDAwMDAwMH0sInNjaGVtYV92ZXJzaW9uIjoiNiJ9",
          "dependencies": [
            "google_compute_network.kube_network",
            "google_compute_subnetwork.kube_subnet_eu2"
          ]
        }
      ]
    },
    {
      "mode": "managed",
      "type": "google_compute_network",
      "name": "kube_network",
      "provider": "provider[\"registry.terraform.io/hashicorp/google\"]",
      "instances": [
        {
          "schema_version": 0,
          "attributes": {
            "auto_create_subnetworks": false,
            "delete_default_routes_on_create": false,
            "description": "",
            "enable_ula_internal_ipv6": false,
            "gateway_ipv4": "",
            "id": "projects/test2-161022/global/networks/kube-network",
            "internal_ipv6_range": "",
            "mtu": 0,
            "name": "kube-network",
            "network_firewall_policy_enforcement_order": "AFTER_CLASSIC_FIREWALL",
            "project": "test2-161022",
            "routing_mode": "REGIONAL",
            "self_link": "https://www.googleapis.com/compute/v1/projects/test2-161022/global/networks/kube-network",
            "timeouts": null
          },
          "sensitive_attributes": [],
          "private": "eyJlMmJmYjczMC1lY2FhLTExZTYtOGY4OC0zNDM2M2JjN2M0YzAiOnsiY3JlYXRlIjoxMjAwMDAwMDAwMDAwLCJkZWxldGUiOjEyMDAwMDAwMDAwMDAsInVwZGF0ZSI6MTIwMDAwMDAwMDAwMH19"
        }
      ]
    },
    {
      "mode": "managed",
      "type": "google_compute_subnetwork",
      "name": "kube_subnet_eu2",
      "provider": "provider[\"registry.terraform.io/hashicorp/google\"]",
      "instances": [
        {
          "schema_version": 0,
          "attributes": {
            "creation_timestamp": "2023-10-08T07:25:40.958-07:00",
            "description": "",
            "external_ipv6_prefix": "",
            "fingerprint": null,
            "gateway_address": "10.0.0.1",
            "id": "projects/test2-161022/regions/us-west2/subnetworks/kube-subnet-eu",
            "ip_cidr_range": "10.0.0.0/22",
            "ipv6_access_type": "",
            "ipv6_cidr_range": "",
            "log_config": [],
            "name": "kube-subnet-eu",
            "network": "https://www.googleapis.com/compute/v1/projects/test2-161022/global/networks/kube-network",
            "private_ip_google_access": false,
            "private_ipv6_google_access": "DISABLE_GOOGLE_ACCESS",
            "project": "test2-161022",
            "purpose": "PRIVATE",
            "region": "us-west2",
            "role": "",
            "secondary_ip_range": [
              {
                "ip_cidr_range": "172.16.0.0/24",
                "range_name": "secondary"
              }
            ],
            "self_link": "https://www.googleapis.com/compute/v1/projects/test2-161022/regions/us-west2/subnetworks/kube-subnet-eu",
            "stack_type": "IPV4_ONLY",
            "timeouts": null
          },
          "sensitive_attributes": [],
          "private": "eyJlMmJmYjczMC1lY2FhLTExZTYtOGY4OC0zNDM2M2JjN2M0YzAiOnsiY3JlYXRlIjoxMjAwMDAwMDAwMDAwLCJkZWxldGUiOjEyMDAwMDAwMDAwMDAsInVwZGF0ZSI6MTIwMDAwMDAwMDAwMH19",
          "dependencies": [
            "google_compute_network.kube_network"
          ]
        }
      ]
    },
    {
      "mode": "managed",
      "type": "google_compute_subnetwork",
      "name": "kube_subnet_us2",
      "provider": "provider[\"registry.terraform.io/hashicorp/google\"]",
      "instances": [
        {
          "schema_version": 0,
          "attributes": {
            "creation_timestamp": "2023-10-08T07:25:40.823-07:00",
            "description": "",
            "external_ipv6_prefix": "",
            "fingerprint": null,
            "gateway_address": "10.0.4.1",
            "id": "projects/test2-161022/regions/us-west2/subnetworks/kube-subnet-us",
            "ip_cidr_range": "10.0.4.0/22",
            "ipv6_access_type": "",
            "ipv6_cidr_range": "",
            "log_config": [],
            "name": "kube-subnet-us",
            "network": "https://www.googleapis.com/compute/v1/projects/test2-161022/global/networks/kube-network",
            "private_ip_google_access": true,
            "private_ipv6_google_access": "DISABLE_GOOGLE_ACCESS",
            "project": "test2-161022",
            "purpose": "PRIVATE",
            "region": "us-west2",
            "role": "",
            "secondary_ip_range": [
              {
                "ip_cidr_range": "172.17.0.0/24",
                "range_name": "secondary"
              },
              {
                "ip_cidr_range": "172.18.0.0/24",
                "range_name": "primary"
              }
            ],
            "self_link": "https://www.googleapis.com/compute/v1/projects/test2-161022/regions/us-west2/subnetworks/kube-subnet-us",
            "stack_type": "IPV4_ONLY",
            "timeouts": null
          },
          "sensitive_attributes": [],
          "private": "eyJlMmJmYjczMC1lY2FhLTExZTYtOGY4OC0zNDM2M2JjN2M0YzAiOnsiY3JlYXRlIjoxMjAwMDAwMDAwMDAwLCJkZWxldGUiOjEyMDAwMDAwMDAwMDAsInVwZGF0ZSI6MTIwMDAwMDAwMDAwMH19",
          "dependencies": [
            "google_compute_network.kube_network"
          ]
        }
      ]
    }
  ],
  "check_results": null
}
